
Microsoft Visual Studio Solution File, Format Version 12.00
# Visual Studio Version 17
VisualStudioVersion = 17.0.31903.59
MinimumVisualStudioVersion = 10.0.40219.1
Project("{2150E333-8FDC-42A3-9474-1A3956D46DE8}") = "src", "src", "{827E0CD3-B72D-47B6-A68D-7590B98EB39B}"
EndProject
Project("{FAE04EC0-301F-11D3-BF4B-00C04F79EFBC}") = "CookDating.AppHost", "src\CookDating.AppHost\CookDating.AppHost.csproj", "{25E82D64-DAB4-47C1-980A-603A97A81827}"
EndProject
Project("{FAE04EC0-301F-11D3-BF4B-00C04F79EFBC}") = "CookDating.ServiceDefaults", "src\CookDating.ServiceDefaults\CookDating.ServiceDefaults.csproj", "{B25A7A60-29D6-4693-9237-B3F91A55C3CD}"
EndProject
Project("{FAE04EC0-301F-11D3-BF4B-00C04F79EFBC}") = "CookDating.SharedKernel", "src\CookDating.SharedKernel\CookDating.SharedKernel.csproj", "{64229EA9-28ED-4081-8C79-8D43A641ABEE}"
EndProject
Project("{FAE04EC0-301F-11D3-BF4B-00C04F79EFBC}") = "CookDating.Profile", "src\CookDating.Profile\CookDating.Profile.csproj", "{3668AC54-2C4F-4FFE-A862-4E9500A3EB08}"
EndProject
Project("{FAE04EC0-301F-11D3-BF4B-00C04F79EFBC}") = "CookDating.Matching", "src\CookDating.Matching\CookDating.Matching.csproj", "{E1618BAC-5833-4459-BFF4-833068C61E6C}"
EndProject
Project("{FAE04EC0-301F-11D3-BF4B-00C04F79EFBC}") = "CookDating.Conversation", "src\CookDating.Conversation\CookDating.Conversation.csproj", "{D463E33F-B725-41FE-AB9E-134CED0818B0}"
EndProject
Project("{FAE04EC0-301F-11D3-BF4B-00C04F79EFBC}") = "CookDating.Bff", "src\CookDating.Bff\CookDating.Bff.csproj", "{30A434DB-069A-49A4-830F-74F6BAD92A36}"
EndProject
Project("{FAE04EC0-301F-11D3-BF4B-00C04F79EFBC}") = "CookDating.Matching.Worker", "src\CookDating.Matching.Worker\CookDating.Matching.Worker.csproj", "{D107D555-9F22-4A76-989A-AEDB7146D1DF}"
EndProject
Project("{FAE04EC0-301F-11D3-BF4B-00C04F79EFBC}") = "CookDating.Conversation.Worker", "src\CookDating.Conversation.Worker\CookDating.Conversation.Worker.csproj", "{74B63796-C02E-4C61-A054-B00DB5FF2625}"
EndProject
Project("{2150E333-8FDC-42A3-9474-1A3956D46DE8}") = "tests", "tests", "{0AB3BF05-4346-4AA6-1389-037BE0695223}"
EndProject
Project("{FAE04EC0-301F-11D3-BF4B-00C04F79EFBC}") = "CookDating.UnitTests", "tests\CookDating.UnitTests\CookDating.UnitTests.csproj", "{8DB7F6B7-F9F0-4570-85AC-1C6F9FC68B09}"
EndProject
Project("{FAE04EC0-301F-11D3-BF4B-00C04F79EFBC}") = "CookDating.BddTests", "tests\CookDating.BddTests\CookDating.BddTests.csproj", "{ABB6C502-0624-49BA-A692-CAFD2A502A2F}"
EndProject
Global
	GlobalSection(SolutionConfigurationPlatforms) = preSolution
		Debug|Any CPU = Debug|Any CPU
		Debug|x64 = Debug|x64
		Debug|x86 = Debug|x86
		Release|Any CPU = Release|Any CPU
		Release|x64 = Release|x64
		Release|x86 = Release|x86
	EndGlobalSection
	GlobalSection(ProjectConfigurationPlatforms) = postSolution
		{25E82D64-DAB4-47C1-980A-603A97A81827}.Debug|Any CPU.ActiveCfg = Debug|Any CPU
		{25E82D64-DAB4-47C1-980A-603A97A81827}.Debug|Any CPU.Build.0 = Debug|Any CPU
		{25E82D64-DAB4-47C1-980A-603A97A81827}.Debug|x64.ActiveCfg = Debug|Any CPU
		{25E82D64-DAB4-47C1-980A-603A97A81827}.Debug|x64.Build.0 = Debug|Any CPU
		{25E82D64-DAB4-47C1-980A-603A97A81827}.Debug|x86.ActiveCfg = Debug|Any CPU
		{25E82D64-DAB4-47C1-980A-603A97A81827}.Debug|x86.Build.0 = Debug|Any CPU
		{25E82D64-DAB4-47C1-980A-603A97A81827}.Release|Any CPU.ActiveCfg = Release|Any CPU
		{25E82D64-DAB4-47C1-980A-603A97A81827}.Release|Any CPU.Build.0 = Release|Any CPU
		{25E82D64-DAB4-47C1-980A-603A97A81827}.Release|x64.ActiveCfg = Release|Any CPU
		{25E82D64-DAB4-47C1-980A-603A97A81827}.Release|x64.Build.0 = Release|Any CPU
		{25E82D64-DAB4-47C1-980A-603A97A81827}.Release|x86.ActiveCfg = Release|Any CPU
		{25E82D64-DAB4-47C1-980A-603A97A81827}.Release|x86.Build.0 = Release|Any CPU
		{B25A7A60-29D6-4693-9237-B3F91A55C3CD}.Debug|Any CPU.ActiveCfg = Debug|Any CPU
		{B25A7A60-29D6-4693-9237-B3F91A55C3CD}.Debug|Any CPU.Build.0 = Debug|Any CPU
		{B25A7A60-29D6-4693-9237-B3F91A55C3CD}.Debug|x64.ActiveCfg = Debug|Any CPU
		{B25A7A60-29D6-4693-9237-B3F91A55C3CD}.Debug|x64.Build.0 = Debug|Any CPU
		{B25A7A60-29D6-4693-9237-B3F91A55C3CD}.Debug|x86.ActiveCfg = Debug|Any CPU
		{B25A7A60-29D6-4693-9237-B3F91A55C3CD}.Debug|x86.Build.0 = Debug|Any CPU
		{B25A7A60-29D6-4693-9237-B3F91A55C3CD}.Release|Any CPU.ActiveCfg = Release|Any CPU
		{B25A7A60-29D6-4693-9237-B3F91A55C3CD}.Release|Any CPU.Build.0 = Release|Any CPU
		{B25A7A60-29D6-4693-9237-B3F91A55C3CD}.Release|x64.ActiveCfg = Release|Any CPU
		{B25A7A60-29D6-4693-9237-B3F91A55C3CD}.Release|x64.Build.0 = Release|Any CPU
		{B25A7A60-29D6-4693-9237-B3F91A55C3CD}.Release|x86.ActiveCfg = Release|Any CPU
		{B25A7A60-29D6-4693-9237-B3F91A55C3CD}.Release|x86.Build.0 = Release|Any CPU
		{64229EA9-28ED-4081-8C79-8D43A641ABEE}.Debug|Any CPU.ActiveCfg = Debug|Any CPU
		{64229EA9-28ED-4081-8C79-8D43A641ABEE}.Debug|Any CPU.Build.0 = Debug|Any CPU
		{64229EA9-28ED-4081-8C79-8D43A641ABEE}.Debug|x64.ActiveCfg = Debug|Any CPU
		{64229EA9-28ED-4081-8C79-8D43A641ABEE}.Debug|x64.Build.0 = Debug|Any CPU
		{64229EA9-28ED-4081-8C79-8D43A641ABEE}.Debug|x86.ActiveCfg = Debug|Any CPU
		{64229EA9-28ED-4081-8C79-8D43A641ABEE}.Debug|x86.Build.0 = Debug|Any CPU
		{64229EA9-28ED-4081-8C79-8D43A641ABEE}.Release|Any CPU.ActiveCfg = Release|Any CPU
		{64229EA9-28ED-4081-8C79-8D43A641ABEE}.Release|Any CPU.Build.0 = Release|Any CPU
		{64229EA9-28ED-4081-8C79-8D43A641ABEE}.Release|x64.ActiveCfg = Release|Any CPU
		{64229EA9-28ED-4081-8C79-8D43A641ABEE}.Release|x64.Build.0 = Release|Any CPU
		{64229EA9-28ED-4081-8C79-8D43A641ABEE}.Release|x86.ActiveCfg = Release|Any CPU
		{64229EA9-28ED-4081-8C79-8D43A641ABEE}.Release|x86.Build.0 = Release|Any CPU
		{3668AC54-2C4F-4FFE-A862-4E9500A3EB08}.Debug|Any CPU.ActiveCfg = Debug|Any CPU
		{3668AC54-2C4F-4FFE-A862-4E9500A3EB08}.Debug|Any CPU.Build.0 = Debug|Any CPU
		{3668AC54-2C4F-4FFE-A862-4E9500A3EB08}.Debug|x64.ActiveCfg = Debug|Any CPU
		{3668AC54-2C4F-4FFE-A862-4E9500A3EB08}.Debug|x64.Build.0 = Debug|Any CPU
		{3668AC54-2C4F-4FFE-A862-4E9500A3EB08}.Debug|x86.ActiveCfg = Debug|Any CPU
		{3668AC54-2C4F-4FFE-A862-4E9500A3EB08}.Debug|x86.Build.0 = Debug|Any CPU
		{3668AC54-2C4F-4FFE-A862-4E9500A3EB08}.Release|Any CPU.ActiveCfg = Release|Any CPU
		{3668AC54-2C4F-4FFE-A862-4E9500A3EB08}.Release|Any CPU.Build.0 = Release|Any CPU
		{3668AC54-2C4F-4FFE-A862-4E9500A3EB08}.Release|x64.ActiveCfg = Release|Any CPU
		{3668AC54-2C4F-4FFE-A862-4E9500A3EB08}.Release|x64.Build.0 = Release|Any CPU
		{3668AC54-2C4F-4FFE-A862-4E9500A3EB08}.Release|x86.ActiveCfg = Release|Any CPU
		{3668AC54-2C4F-4FFE-A862-4E9500A3EB08}.Release|x86.Build.0 = Release|Any CPU
		{E1618BAC-5833-4459-BFF4-833068C61E6C}.Debug|Any CPU.ActiveCfg = Debug|Any CPU
		{E1618BAC-5833-4459-BFF4-833068C61E6C}.Debug|Any CPU.Build.0 = Debug|Any CPU
		{E1618BAC-5833-4459-BFF4-833068C61E6C}.Debug|x64.ActiveCfg = Debug|Any CPU
		{E1618BAC-5833-4459-BFF4-833068C61E6C}.Debug|x64.Build.0 = Debug|Any CPU
		{E1618BAC-5833-4459-BFF4-833068C61E6C}.Debug|x86.ActiveCfg = Debug|Any CPU
		{E1618BAC-5833-4459-BFF4-833068C61E6C}.Debug|x86.Build.0 = Debug|Any CPU
		{E1618BAC-5833-4459-BFF4-833068C61E6C}.Release|Any CPU.ActiveCfg = Release|Any CPU
		{E1618BAC-5833-4459-BFF4-833068C61E6C}.Release|Any CPU.Build.0 = Release|Any CPU
		{E1618BAC-5833-4459-BFF4-833068C61E6C}.Release|x64.ActiveCfg = Release|Any CPU
		{E1618BAC-5833-4459-BFF4-833068C61E6C}.Release|x64.Build.0 = Release|Any CPU
		{E1618BAC-5833-4459-BFF4-833068C61E6C}.Release|x86.ActiveCfg = Release|Any CPU
		{E1618BAC-5833-4459-BFF4-833068C61E6C}.Release|x86.Build.0 = Release|Any CPU
		{D463E33F-B725-41FE-AB9E-134CED0818B0}.Debug|Any CPU.ActiveCfg = Debug|Any CPU
		{D463E33F-B725-41FE-AB9E-134CED0818B0}.Debug|Any CPU.Build.0 = Debug|Any CPU
		{D463E33F-B725-41FE-AB9E-134CED0818B0}.Debug|x64.ActiveCfg = Debug|Any CPU
		{D463E33F-B725-41FE-AB9E-134CED0818B0}.Debug|x64.Build.0 = Debug|Any CPU
		{D463E33F-B725-41FE-AB9E-134CED0818B0}.Debug|x86.ActiveCfg = Debug|Any CPU
		{D463E33F-B725-41FE-AB9E-134CED0818B0}.Debug|x86.Build.0 = Debug|Any CPU
		{D463E33F-B725-41FE-AB9E-134CED0818B0}.Release|Any CPU.ActiveCfg = Release|Any CPU
		{D463E33F-B725-41FE-AB9E-134CED0818B0}.Release|Any CPU.Build.0 = Release|Any CPU
		{D463E33F-B725-41FE-AB9E-134CED0818B0}.Release|x64.ActiveCfg = Release|Any CPU
		{D463E33F-B725-41FE-AB9E-134CED0818B0}.Release|x64.Build.0 = Release|Any CPU
		{D463E33F-B725-41FE-AB9E-134CED0818B0}.Release|x86.ActiveCfg = Release|Any CPU
		{D463E33F-B725-41FE-AB9E-134CED0818B0}.Release|x86.Build.0 = Release|Any CPU
		{30A434DB-069A-49A4-830F-74F6BAD92A36}.Debug|Any CPU.ActiveCfg = Debug|Any CPU
		{30A434DB-069A-49A4-830F-74F6BAD92A36}.Debug|Any CPU.Build.0 = Debug|Any CPU
		{30A434DB-069A-49A4-830F-74F6BAD92A36}.Debug|x64.ActiveCfg = Debug|Any CPU
		{30A434DB-069A-49A4-830F-74F6BAD92A36}.Debug|x64.Build.0 = Debug|Any CPU
		{30A434DB-069A-49A4-830F-74F6BAD92A36}.Debug|x86.ActiveCfg = Debug|Any CPU
		{30A434DB-069A-49A4-830F-74F6BAD92A36}.Debug|x86.Build.0 = Debug|Any CPU
		{30A434DB-069A-49A4-830F-74F6BAD92A36}.Release|Any CPU.ActiveCfg = Release|Any CPU
		{30A434DB-069A-49A4-830F-74F6BAD92A36}.Release|Any CPU.Build.0 = Release|Any CPU
		{30A434DB-069A-49A4-830F-74F6BAD92A36}.Release|x64.ActiveCfg = Release|Any CPU
		{30A434DB-069A-49A4-830F-74F6BAD92A36}.Release|x64.Build.0 = Release|Any CPU
		{30A434DB-069A-49A4-830F-74F6BAD92A36}.Release|x86.ActiveCfg = Release|Any CPU
		{30A434DB-069A-49A4-830F-74F6BAD92A36}.Release|x86.Build.0 = Release|Any CPU
		{D107D555-9F22-4A76-989A-AEDB7146D1DF}.Debug|Any CPU.ActiveCfg = Debug|Any CPU
		{D107D555-9F22-4A76-989A-AEDB7146D1DF}.Debug|Any CPU.Build.0 = Debug|Any CPU
		{D107D555-9F22-4A76-989A-AEDB7146D1DF}.Debug|x64.ActiveCfg = Debug|Any CPU
		{D107D555-9F22-4A76-989A-AEDB7146D1DF}.Debug|x64.Build.0 = Debug|Any CPU
		{D107D555-9F22-4A76-989A-AEDB7146D1DF}.Debug|x86.ActiveCfg = Debug|Any CPU
		{D107D555-9F22-4A76-989A-AEDB7146D1DF}.Debug|x86.Build.0 = Debug|Any CPU
		{D107D555-9F22-4A76-989A-AEDB7146D1DF}.Release|Any CPU.ActiveCfg = Release|Any CPU
		{D107D555-9F22-4A76-989A-AEDB7146D1DF}.Release|Any CPU.Build.0 = Release|Any CPU
		{D107D555-9F22-4A76-989A-AEDB7146D1DF}.Release|x64.ActiveCfg = Release|Any CPU
		{D107D555-9F22-4A76-989A-AEDB7146D1DF}.Release|x64.Build.0 = Release|Any CPU
		{D107D555-9F22-4A76-989A-AEDB7146D1DF}.Release|x86.ActiveCfg = Release|Any CPU
		{D107D555-9F22-4A76-989A-AEDB7146D1DF}.Release|x86.Build.0 = Release|Any CPU
		{74B63796-C02E-4C61-A054-B00DB5FF2625}.Debug|Any CPU.ActiveCfg = Debug|Any CPU
		{74B63796-C02E-4C61-A054-B00DB5FF2625}.Debug|Any CPU.Build.0 = Debug|Any CPU
		{74B63796-C02E-4C61-A054-B00DB5FF2625}.Debug|x64.ActiveCfg = Debug|Any CPU
		{74B63796-C02E-4C61-A054-B00DB5FF2625}.Debug|x64.Build.0 = Debug|Any CPU
		{74B63796-C02E-4C61-A054-B00DB5FF2625}.Debug|x86.ActiveCfg = Debug|Any CPU
		{74B63796-C02E-4C61-A054-B00DB5FF2625}.Debug|x86.Build.0 = Debug|Any CPU
		{74B63796-C02E-4C61-A054-B00DB5FF2625}.Release|Any CPU.ActiveCfg = Release|Any CPU
		{74B63796-C02E-4C61-A054-B00DB5FF2625}.Release|Any CPU.Build.0 = Release|Any CPU
		{74B63796-C02E-4C61-A054-B00DB5FF2625}.Release|x64.ActiveCfg = Release|Any CPU
		{74B63796-C02E-4C61-A054-B00DB5FF2625}.Release|x64.Build.0 = Release|Any CPU
		{74B63796-C02E-4C61-A054-B00DB5FF2625}.Release|x86.ActiveCfg = Release|Any CPU
		{74B63796-C02E-4C61-A054-B00DB5FF2625}.Release|x86.Build.0 = Release|Any CPU
		{8DB7F6B7-F9F0-4570-85AC-1C6F9FC68B09}.Debug|Any CPU.ActiveCfg = Debug|Any CPU
		{8DB7F6B7-F9F0-4570-85AC-1C6F9FC68B09}.Debug|Any CPU.Build.0 = Debug|Any CPU
		{8DB7F6B7-F9F0-4570-85AC-1C6F9FC68B09}.Debug|x64.ActiveCfg = Debug|Any CPU
		{8DB7F6B7-F9F0-4570-85AC-1C6F9FC68B09}.Debug|x64.Build.0 = Debug|Any CPU
		{8DB7F6B7-F9F0-4570-85AC-1C6F9FC68B09}.Debug|x86.ActiveCfg = Debug|Any CPU
		{8DB7F6B7-F9F0-4570-85AC-1C6F9FC68B09}.Debug|x86.Build.0 = Debug|Any CPU
		{8DB7F6B7-F9F0-4570-85AC-1C6F9FC68B09}.Release|Any CPU.ActiveCfg = Release|Any CPU
		{8DB7F6B7-F9F0-4570-85AC-1C6F9FC68B09}.Release|Any CPU.Build.0 = Release|Any CPU
		{8DB7F6B7-F9F0-4570-85AC-1C6F9FC68B09}.Release|x64.ActiveCfg = Release|Any CPU
		{8DB7F6B7-F9F0-4570-85AC-1C6F9FC68B09}.Release|x64.Build.0 = Release|Any CPU
		{8DB7F6B7-F9F0-4570-85AC-1C6F9FC68B09}.Release|x86.ActiveCfg = Release|Any CPU
		{8DB7F6B7-F9F0-4570-85AC-1C6F9FC68B09}.Release|x86.Build.0 = Release|Any CPU
		{ABB6C502-0624-49BA-A692-CAFD2A502A2F}.Debug|Any CPU.ActiveCfg = Debug|Any CPU
		{ABB6C502-0624-49BA-A692-CAFD2A502A2F}.Debug|Any CPU.Build.0 = Debug|Any CPU
		{ABB6C502-0624-49BA-A692-CAFD2A502A2F}.Debug|x64.ActiveCfg = Debug|Any CPU
		{ABB6C502-0624-49BA-A692-CAFD2A502A2F}.Debug|x64.Build.0 = Debug|Any CPU
		{ABB6C502-0624-49BA-A692-CAFD2A502A2F}.Debug|x86.ActiveCfg = Debug|Any CPU
		{ABB6C502-0624-49BA-A692-CAFD2A502A2F}.Debug|x86.Build.0 = Debug|Any CPU
		{ABB6C502-0624-49BA-A692-CAFD2A502A2F}.Release|Any CPU.ActiveCfg = Release|Any CPU
		{ABB6C502-0624-49BA-A692-CAFD2A502A2F}.Release|Any CPU.Build.0 = Release|Any CPU
		{ABB6C502-0624-49BA-A692-CAFD2A502A2F}.Release|x64.ActiveCfg = Release|Any CPU
		{ABB6C502-0624-49BA-A692-CAFD2A502A2F}.Release|x64.Build.0 = Release|Any CPU
		{ABB6C502-0624-49BA-A692-CAFD2A502A2F}.Release|x86.ActiveCfg = Release|Any CPU
		{ABB6C502-0624-49BA-A692-CAFD2A502A2F}.Release|x86.Build.0 = Release|Any CPU
	EndGlobalSection
	GlobalSection(SolutionProperties) = preSolution
		HideSolutionNode = FALSE
	EndGlobalSection
	GlobalSection(NestedProjects) = preSolution
		{25E82D64-DAB4-47C1-980A-603A97A81827} = {827E0CD3-B72D-47B6-A68D-7590B98EB39B}
		{B25A7A60-29D6-4693-9237-B3F91A55C3CD} = {827E0CD3-B72D-47B6-A68D-7590B98EB39B}
		{64229EA9-28ED-4081-8C79-8D43A641ABEE} = {827E0CD3-B72D-47B6-A68D-7590B98EB39B}
		{3668AC54-2C4F-4FFE-A862-4E9500A3EB08} = {827E0CD3-B72D-47B6-A68D-7590B98EB39B}
		{E1618BAC-5833-4459-BFF4-833068C61E6C} = {827E0CD3-B72D-47B6-A68D-7590B98EB39B}
		{D463E33F-B725-41FE-AB9E-134CED0818B0} = {827E0CD3-B72D-47B6-A68D-7590B98EB39B}
		{30A434DB-069A-49A4-830F-74F6BAD92A36} = {827E0CD3-B72D-47B6-A68D-7590B98EB39B}
		{D107D555-9F22-4A76-989A-AEDB7146D1DF} = {827E0CD3-B72D-47B6-A68D-7590B98EB39B}
		{74B63796-C02E-4C61-A054-B00DB5FF2625} = {827E0CD3-B72D-47B6-A68D-7590B98EB39B}
		{8DB7F6B7-F9F0-4570-85AC-1C6F9FC68B09} = {0AB3BF05-4346-4AA6-1389-037BE0695223}
		{ABB6C502-0624-49BA-A692-CAFD2A502A2F} = {0AB3BF05-4346-4AA6-1389-037BE0695223}
	EndGlobalSection
EndGlobal
